
Microsoft Visual Studio Solution File, Format Version 12.00
# Visual Studio Version 17
VisualStudioVersion = 17.3.32819.101
MinimumVisualStudioVersion = 10.0.40219.1
Project("{FAE04EC0-301F-11D3-BF4B-00C04F79EFBC}") = "Dictionary", "Dictionary\Dictionary.csproj", "{C9D1FC73-F462-4437-A201-6D9C0D415777}"
EndProject
Global
	GlobalSection(SolutionConfigurationPlatforms) = preSolution
		Debug|Any CPU = Debug|Any CPU
		Release|Any CPU = Release|Any CPU
	EndGlobalSection
	GlobalSection(ProjectConfigurationPlatforms) = postSolution
		{C9D1FC73-F462-4437-A201-6D9C0D415777}.Debug|Any CPU.ActiveCfg = Debug|Any CPU
		{C9D1FC73-F462-4437-A201-6D9C0D415777}.Debug|Any CPU.Build.0 = Debug|Any CPU
		{C9D1FC73-F462-4437-A201-6D9C0D415777}.Release|Any CPU.ActiveCfg = Release|Any CPU
		{C9D1FC73-F462-4437-A201-6D9C0D415777}.Release|Any CPU.Build.0 = Release|Any CPU
	EndGlobalSection
	GlobalSection(SolutionProperties) = preSolution
		HideSolutionNode = FALSE
	EndGlobalSection
	GlobalSection(ExtensibilityGlobals) = postSolution
		SolutionGuid = {8B55E517-0661-4D1A-A83F-15B0C156C4C5}
	EndGlobalSection
EndGlobal
